
Microsoft Visual Studio Solution File, Format Version 12.00
# Visual Studio 15
VisualStudioVersion = 15.0.27512.0
MinimumVisualStudioVersion = 10.0.40219.1
Project("{FAE04EC0-301F-11D3-BF4B-00C04F79EFBC}") = "MapboxUnityTests", "MapboxUnityTests\MapboxUnityTests.csproj", "{5AC03521-85C6-4520-8006-2AC2CF4E76A8}"
EndProject
Global
	GlobalSection(SolutionConfigurationPlatforms) = preSolution
		Debug|Any CPU = Debug|Any CPU
		Release|Any CPU = Release|Any CPU
	EndGlobalSection
	GlobalSection(ProjectConfigurationPlatforms) = postSolution
		{5AC03521-85C6-4520-8006-2AC2CF4E76A8}.Debug|Any CPU.ActiveCfg = Debug|Any CPU
		{5AC03521-85C6-4520-8006-2AC2CF4E76A8}.Debug|Any CPU.Build.0 = Debug|Any CPU
		{5AC03521-85C6-4520-8006-2AC2CF4E76A8}.Release|Any CPU.ActiveCfg = Release|Any CPU
		{5AC03521-85C6-4520-8006-2AC2CF4E76A8}.Release|Any CPU.Build.0 = Release|Any CPU
	EndGlobalSection
	GlobalSection(SolutionProperties) = preSolution
		HideSolutionNode = FALSE
	EndGlobalSection
	GlobalSection(ExtensibilityGlobals) = postSolution
		SolutionGuid = {56C77130-E1BC-4AA2-817D-E0ABC78A5F10}
	EndGlobalSection
EndGlobal
