
Microsoft Visual Studio Solution File, Format Version 12.00
# Visual Studio 14
VisualStudioVersion = 14.0.25420.1
MinimumVisualStudioVersion = 10.0.40219.1
Project("{D954291E-2A0B-460D-934E-DC6B0785DB48}") = "Mapbox.IO.Compression", "src\Mapbox.IO.Compression.Shared\Mapbox.IO.Compression.shproj", "{4E318E88-7EF0-4F43-8A26-79B7BC3055C8}"
EndProject
Project("{FAE04EC0-301F-11D3-BF4B-00C04F79EFBC}") = "Mapbox.IO.Compression.Net", "src\Mapbox.IO.Compression.Net\Mapbox.IO.Compression.Net.csproj", "{17D42C2F-4FA0-4429-AFE6-AFE15A4AF0B5}"
EndProject
Project("{FAE04EC0-301F-11D3-BF4B-00C04F79EFBC}") = "Mapbox.IO.Compression.UWP", "src\Mapbox.IO.Compression.UWP\Mapbox.IO.Compression.UWP.csproj", "{8D70E3BC-7AE5-410E-AE35-A1691CA681E7}"
EndProject
Global
	GlobalSection(SharedMSBuildProjectFiles) = preSolution
		src\Mapbox.IO.Compression.Shared\Mapbox.IO.Compression.projitems*{17d42c2f-4fa0-4429-afe6-afe15a4af0b5}*SharedItemsImports = 4
		src\Mapbox.IO.Compression.Shared\Mapbox.IO.Compression.projitems*{4e318e88-7ef0-4f43-8a26-79b7bc3055c8}*SharedItemsImports = 13
		src\Mapbox.IO.Compression.Shared\Mapbox.IO.Compression.projitems*{8d70e3bc-7ae5-410e-ae35-a1691ca681e7}*SharedItemsImports = 4
	EndGlobalSection
	GlobalSection(SolutionConfigurationPlatforms) = preSolution
		Debug|Any CPU = Debug|Any CPU
		Debug|ARM = Debug|ARM
		Debug|x64 = Debug|x64
		Debug|x86 = Debug|x86
		Release|Any CPU = Release|Any CPU
		Release|ARM = Release|ARM
		Release|x64 = Release|x64
		Release|x86 = Release|x86
	EndGlobalSection
	GlobalSection(ProjectConfigurationPlatforms) = postSolution
		{17D42C2F-4FA0-4429-AFE6-AFE15A4AF0B5}.Debug|Any CPU.ActiveCfg = Debug|Any CPU
		{17D42C2F-4FA0-4429-AFE6-AFE15A4AF0B5}.Debug|Any CPU.Build.0 = Debug|Any CPU
		{17D42C2F-4FA0-4429-AFE6-AFE15A4AF0B5}.Debug|ARM.ActiveCfg = Debug|Any CPU
		{17D42C2F-4FA0-4429-AFE6-AFE15A4AF0B5}.Debug|ARM.Build.0 = Debug|Any CPU
		{17D42C2F-4FA0-4429-AFE6-AFE15A4AF0B5}.Debug|x64.ActiveCfg = Debug|Any CPU
		{17D42C2F-4FA0-4429-AFE6-AFE15A4AF0B5}.Debug|x64.Build.0 = Debug|Any CPU
		{17D42C2F-4FA0-4429-AFE6-AFE15A4AF0B5}.Debug|x86.ActiveCfg = Debug|Any CPU
		{17D42C2F-4FA0-4429-AFE6-AFE15A4AF0B5}.Debug|x86.Build.0 = Debug|Any CPU
		{17D42C2F-4FA0-4429-AFE6-AFE15A4AF0B5}.Release|Any CPU.ActiveCfg = Release|Any CPU
		{17D42C2F-4FA0-4429-AFE6-AFE15A4AF0B5}.Release|Any CPU.Build.0 = Release|Any CPU
		{17D42C2F-4FA0-4429-AFE6-AFE15A4AF0B5}.Release|ARM.ActiveCfg = Release|Any CPU
		{17D42C2F-4FA0-4429-AFE6-AFE15A4AF0B5}.Release|ARM.Build.0 = Release|Any CPU
		{17D42C2F-4FA0-4429-AFE6-AFE15A4AF0B5}.Release|x64.ActiveCfg = Release|Any CPU
		{17D42C2F-4FA0-4429-AFE6-AFE15A4AF0B5}.Release|x64.Build.0 = Release|Any CPU
		{17D42C2F-4FA0-4429-AFE6-AFE15A4AF0B5}.Release|x86.ActiveCfg = Release|Any CPU
		{17D42C2F-4FA0-4429-AFE6-AFE15A4AF0B5}.Release|x86.Build.0 = Release|Any CPU
		{8D70E3BC-7AE5-410E-AE35-A1691CA681E7}.Debug|Any CPU.ActiveCfg = Debug|Any CPU
		{8D70E3BC-7AE5-410E-AE35-A1691CA681E7}.Debug|Any CPU.Build.0 = Debug|Any CPU
		{8D70E3BC-7AE5-410E-AE35-A1691CA681E7}.Debug|ARM.ActiveCfg = Debug|ARM
		{8D70E3BC-7AE5-410E-AE35-A1691CA681E7}.Debug|ARM.Build.0 = Debug|ARM
		{8D70E3BC-7AE5-410E-AE35-A1691CA681E7}.Debug|x64.ActiveCfg = Debug|x64
		{8D70E3BC-7AE5-410E-AE35-A1691CA681E7}.Debug|x64.Build.0 = Debug|x64
		{8D70E3BC-7AE5-410E-AE35-A1691CA681E7}.Debug|x86.ActiveCfg = Debug|x86
		{8D70E3BC-7AE5-410E-AE35-A1691CA681E7}.Debug|x86.Build.0 = Debug|x86
		{8D70E3BC-7AE5-410E-AE35-A1691CA681E7}.Release|Any CPU.ActiveCfg = Release|Any CPU
		{8D70E3BC-7AE5-410E-AE35-A1691CA681E7}.Release|Any CPU.Build.0 = Release|Any CPU
		{8D70E3BC-7AE5-410E-AE35-A1691CA681E7}.Release|ARM.ActiveCfg = Release|ARM
		{8D70E3BC-7AE5-410E-AE35-A1691CA681E7}.Release|ARM.Build.0 = Release|ARM
		{8D70E3BC-7AE5-410E-AE35-A1691CA681E7}.Release|x64.ActiveCfg = Release|x64
		{8D70E3BC-7AE5-410E-AE35-A1691CA681E7}.Release|x64.Build.0 = Release|x64
		{8D70E3BC-7AE5-410E-AE35-A1691CA681E7}.Release|x86.ActiveCfg = Release|x86
		{8D70E3BC-7AE5-410E-AE35-A1691CA681E7}.Release|x86.Build.0 = Release|x86
	EndGlobalSection
	GlobalSection(SolutionProperties) = preSolution
		HideSolutionNode = FALSE
	EndGlobalSection
EndGlobal
